lockfileVersion: '9.0'

settings:
  autoInstallPeers: true
  excludeLinksFromLockfile: false

importers:

  .: {}

  apps/prompt-trail:
    dependencies:
      react:
        specifier: 19.2.7
        version: 19.2.7
      react-dom:
        specifier: 19.2.7
        version: 19.2.7(react@19.2.7)
    devDependencies:
      '@types/react':
        specifier: 19.2.17
        version: 19.2.17
      '@types/react-dom':
        specifier: 19.2.3
        version: 19.2.3(@types/react@19.2.17)
      typescript:
        specifier: 6.0.3
        version: 6.0.3
      vite:
        specifier: 8.1.3
        version: 8.1.3

packages:

  '@types/react-dom@19.2.3':
    resolution: {}
    peerDependencies:
      '@types/react': '*'

  '@types/react@19.2.17':
    resolution: {}

  react-dom@19.2.7:
    resolution: {}
    peerDependencies:
      react: ^19.2.7

  react@19.2.7:
    resolution: {}

  typescript@6.0.3:
    resolution: {}
    engines: {node: '>=14.17'}
    hasBin: true

  vite@8.1.3:
    resolution: {}
    engines: {node: ^20.19.0 || >=22.12.0}
    hasBin: true

snapshots:

  '@types/react-dom@19.2.3(@types/react@19.2.17)':
    dependencies:
      '@types/react': 19.2.17

  '@types/react@19.2.17': {}

  react-dom@19.2.7(react@19.2.7):
    dependencies:
      react: 19.2.7

  react@19.2.7: {}

  typescript@6.0.3: {}

  vite@8.1.3: {}
